PODS:
  - Action (3.11.0):
    - RxCocoa (~> 4.0)
    - RxSwift (~> 4.0)
  - Alamofire (4.9.1)
  - Differentiator (3.1.0)
  - Floaty (4.2.0)
  - iOSDropDown (0.3.4)
  - Kingfisher (5.13.2):
    - Kingfisher/Core (= 5.13.2)
  - Kingfisher/Core (5.13.2)
  - Moya/Core (13.0.1):
    - Alamofire (~> 4.1)
    - Result (~> 4.1)
  - Moya/RxSwift (13.0.1):
    - Moya/Core
    - RxSwift (~> 4.0)
  - Realm (3.21.0):
    - Realm/Headers (= 3.21.0)
  - Realm/Headers (3.21.0)
  - RealmSwift (3.21.0):
    - Realm (= 3.21.0)
  - Result (4.1.0)
  - RxAlamofire (4.4.1):
    - RxAlamofire/Core (= 4.4.1)
  - RxAlamofire/Core (4.4.1):
    - Alamofire (~> 4.8)
    - RxSwift (~> 4.5)
  - RxBlocking (4.5.0):
    - RxSwift (>= 4.4.2, ~> 4.4)
  - RxCocoa (4.5.0):
    - RxSwift (>= 4.4.2, ~> 4.4)
  - RxDataSources (3.1.0):
    - Differentiator (~> 3.0)
    - RxCocoa (~> 4.0)
    - RxSwift (~> 4.0)
  - RxGesture (2.2.0):
    - RxCocoa (~> 4.5)
    - RxSwift (~> 4.5)
  - RxKingfisher (0.6.0):
    - Kingfisher (~> 5)
    - RxCocoa (~> 4.3)
    - RxSwift (~> 4.3)
  - RxRealm (0.7.6):
    - RealmSwift (~> 3.0)
    - RxSwift (~> 4.0)
  - RxSwift (4.5.0)
  - RxTest (4.5.0):
    - RxSwift (>= 4.4.2, ~> 4.4)
  - RxViewController (0.4.1):
    - RxCocoa (>= 4.0.0)
    - RxSwift (>= 4.0.0)
  - SCLAlertView (0.8)
  - SideMenuSwift (2.0.5)
  - SwiftyJSON (5.0.0)

DEPENDENCIES:
  - Action
  - Floaty (~> 4.2.0)
  - iOSDropDown
  - Moya/RxSwift
  - RxAlamofire
  - RxBlocking
  - RxCocoa
  - RxDataSources
  - RxGesture
  - RxKingfisher
  - RxRealm
  - RxSwift
  - RxTest
  - RxViewController
  - SCLAlertView
  - SideMenuSwift
  - SwiftyJSON

SPEC REPOS:
  trunk:
    - Action
    - Alamofire
    - Differentiator
    - Floaty
    - iOSDropDown
    - Kingfisher
    - Moya
    - Realm
    - RealmSwift
    - Result
    - RxAlamofire
    - RxBlocking
    - RxCocoa
    - RxDataSources
    - RxGesture
    - RxKingfisher
    - RxRealm
    - RxSwift
    - RxTest
    - RxViewController
    - SCLAlertView
    - SideMenuSwift
    - SwiftyJSON

SPEC CHECKSUMS:
  Action: 689181e4c3f6566844178d8a7da6fef39a9597fc
  Alamofire: 85e8a02c69d6020a0d734f6054870d7ecb75cf18
  Differentiator: be49ca3408f0ecfc761e4c7763d20c62be01b9ad
  Floaty: e2bd5a0f6f7f70899e26ff2da31081c8bee8d1b0
  iOSDropDown: c10a761f9a00c3f1cc9d3bce43ae504628e2f692
  Kingfisher: d342c8354c10c3d85a27d6d4c42c41285924b898
  Moya: f4a4b80ff2f8a4ffc208dfb31cd91636622fee6e
  Realm: 38e9dcb19104b58407167d99f70d4995f7c16023
  RealmSwift: 3183cc1ad48378fbcd634311b22c0e6c44021152
  Result: bd966fac789cc6c1563440b348ab2598cc24d5c7
  RxAlamofire: ed65f451f5a9a59419b0b9e705043dc01410edd9
  RxBlocking: 79413e4d916f44bb3e113c5b2cc059e36fe58910
  RxCocoa: cbf70265dc65a981d4ac982e513c10cf23df24a0
  RxDataSources: a843bad90c29817f5923ec8163f4af2de084ceb3
  RxGesture: c1b7bf17166b0ef9d642a9510f8bac5785f18990
  RxKingfisher: dec802b7c2e1609f50a862e100f5e2019d517c4c
  RxRealm: 5379eddd74f8d617ca7681d1f8d144af25b432b0
  RxSwift: f172070dfd1a93d70a9ab97a5a01166206e1c575
  RxTest: 3ccb66bfbace0bf7df1c43a7c75d046f8ce60372
  RxViewController: e93e7c233d5b5b62c32231d69726d55f54081bc6
  SCLAlertView: 6a77bb2edfc65e04dbe57725546cb4107a506b85
  SideMenuSwift: c7d99c270e0fad922a14b81f1dcc7a84c764bcd5
  SwiftyJSON: 36413e04c44ee145039d332b4f4e2d3e8d6c4db7

PODFILE CHECKSUM: bb5ecca99305a45a6849d39b91349a0d0ad0082f

COCOAPODS: 1.9.0
