// !$*UTF8*$!
{
	archiveVersion = 1;
	classes = {
	};
	objectVersion = 51;
	objects = {

/* Begin PBXBuildFile section */
		0B15FFF25D24A9B802316B60 /* Pods_rfios_rfiosUITests.framework in Frameworks */ = {isa = PBXBuildFile; fileRef = 8255601FBC0BCC0FE4CDF397 /* Pods_rfios_rfiosUITests.framework */; };
		AAAFFF20820A93A4A14F8D48 /* Pods_rfiosTests.framework in Frameworks */ = {isa = PBXBuildFile; fileRef = 6DC37973D26179E855959141 /* Pods_rfiosTests.framework */; };
		E04085122376E6B9008C9F8F /* FeedbackCell.swift in Sources */ = {isa = PBXBuildFile; fileRef = E04085102376E6B9008C9F8F /* FeedbackCell.swift */; };
		E04085132376E6B9008C9F8F /* FeedbackCell.xib in Resources */ = {isa = PBXBuildFile; fileRef = E04085112376E6B9008C9F8F /* FeedbackCell.xib */; };
		E04085192376ED16008C9F8F /* SideMenuViewController.swift in Sources */ = {isa = PBXBuildFile; fileRef = E04085182376ED16008C9F8F /* SideMenuViewController.swift */; };
		E0D25C3623750A71001697F9 /* LoginViewController.swift in Sources */ = {isa = PBXBuildFile; fileRef = E0D25C3523750A71001697F9 /* LoginViewController.swift */; };
		E0D25C3823751063001697F9 /* Login.storyboard in Resources */ = {isa = PBXBuildFile; fileRef = E0D25C3723751063001697F9 /* Login.storyboard */; };
		E0D25C3B2376A586001697F9 /* RegisterViewController.swift in Sources */ = {isa = PBXBuildFile; fileRef = E0D25C3A2376A586001697F9 /* RegisterViewController.swift */; };
		E0FB6F482374FAAF00241EC7 /* AppDelegate.swift in Sources */ = {isa = PBXBuildFile; fileRef = E0FB6F472374FAAF00241EC7 /* AppDelegate.swift */; };
		E0FB6F4A2374FAAF00241EC7 /* SceneDelegate.swift in Sources */ = {isa = PBXBuildFile; fileRef = E0FB6F492374FAAF00241EC7 /* SceneDelegate.swift */; };
		E0FB6F4C2374FAAF00241EC7 /* MainViewController.swift in Sources */ = {isa = PBXBuildFile; fileRef = E0FB6F4B2374FAAF00241EC7 /* MainViewController.swift */; };
		E0FB6F4F2374FAAF00241EC7 /* Main.storyboard in Resources */ = {isa = PBXBuildFile; fileRef = E0FB6F4D2374FAAF00241EC7 /* Main.storyboard */; };
		E0FB6F512374FAB100241EC7 /* Assets.xcassets in Resources */ = {isa = PBXBuildFile; fileRef = E0FB6F502374FAB100241EC7 /* Assets.xcassets */; };
		E0FB6F542374FAB100241EC7 /* LaunchScreen.storyboard in Resources */ = {isa = PBXBuildFile; fileRef = E0FB6F522374FAB100241EC7 /* LaunchScreen.storyboard */; };
		E0FB6F5F2374FAB100241EC7 /* rfiosTests.swift in Sources */ = {isa = PBXBuildFile; fileRef = E0FB6F5E2374FAB100241EC7 /* rfiosTests.swift */; };
		E0FB6F6A2374FAB100241EC7 /* rfiosUITests.swift in Sources */ = {isa = PBXBuildFile; fileRef = E0FB6F692374FAB100241EC7 /* rfiosUITests.swift */; };
		FACC31FD56AE4EC6093490CC /* Pods_rfios.framework in Frameworks */ = {isa = PBXBuildFile; fileRef = 401BF1C6D3695679693467CA /* Pods_rfios.framework */; };
/* End PBXBuildFile section */

/* Begin PBXContainerItemProxy section */
		E0FB6F5B2374FAB100241EC7 /* PBXContainerItemProxy */ = {
			isa = PBXContainerItemProxy;
			containerPortal = E0FB6F3C2374FAAF00241EC7 /* Project object */;
			proxyType = 1;
			remoteGlobalIDString = E0FB6F432374FAAF00241EC7;
			remoteInfo = rfios;
		};
		E0FB6F662374FAB100241EC7 /* PBXContainerItemProxy */ = {
			isa = PBXContainerItemProxy;
			containerPortal = E0FB6F3C2374FAAF00241EC7 /* Project object */;
			proxyType = 1;
			remoteGlobalIDString = E0FB6F432374FAAF00241EC7;
			remoteInfo = rfios;
		};
/* End PBXContainerItemProxy section */

/* Begin PBXFileReference section */
		1723BAA576F4DEF2DBC8B49C /* Pods-rfios.release.xcconfig */ = {isa = PBXFileReference; includeInIndex = 1; lastKnownFileType = text.xcconfig; name = "Pods-rfios.release.xcconfig"; path = "Target Support Files/Pods-rfios/Pods-rfios.release.xcconfig"; sourceTree = "<group>"; };
		401BF1C6D3695679693467CA /* Pods_rfios.framework */ = {isa = PBXFileReference; explicitFileType = wrapper.framework; includeInIndex = 0; path = Pods_rfios.framework; sourceTree = BUILT_PRODUCTS_DIR; };
		411955965A68F4E5EEC775A7 /* Pods-rfiosTests.debug.xcconfig */ = {isa = PBXFileReference; includeInIndex = 1; lastKnownFileType = text.xcconfig; name = "Pods-rfiosTests.debug.xcconfig"; path = "Target Support Files/Pods-rfiosTests/Pods-rfiosTests.debug.xcconfig"; sourceTree = "<group>"; };
		6DC37973D26179E855959141 /* Pods_rfiosTests.framework */ = {isa = PBXFileReference; explicitFileType = wrapper.framework; includeInIndex = 0; path = Pods_rfiosTests.framework; sourceTree = BUILT_PRODUCTS_DIR; };
		8255601FBC0BCC0FE4CDF397 /* Pods_rfios_rfiosUITests.framework */ = {isa = PBXFileReference; explicitFileType = wrapper.framework; includeInIndex = 0; path = Pods_rfios_rfiosUITests.framework; sourceTree = BUILT_PRODUCTS_DIR; };
		8813671D4436E150807764D4 /* Pods-rfios.debug.xcconfig */ = {isa = PBXFileReference; includeInIndex = 1; lastKnownFileType = text.xcconfig; name = "Pods-rfios.debug.xcconfig"; path = "Target Support Files/Pods-rfios/Pods-rfios.debug.xcconfig"; sourceTree = "<group>"; };
		C5F309D6FB59200402D04CC0 /* Pods-rfiosTests.release.xcconfig */ = {isa = PBXFileReference; includeInIndex = 1; lastKnownFileType = text.xcconfig; name = "Pods-rfiosTests.release.xcconfig"; path = "Target Support Files/Pods-rfiosTests/Pods-rfiosTests.release.xcconfig"; sourceTree = "<group>"; };
		C764368E035609018CA59DF7 /* Pods-rfios-rfiosUITests.debug.xcconfig */ = {isa = PBXFileReference; includeInIndex = 1; lastKnownFileType = text.xcconfig; name = "Pods-rfios-rfiosUITests.debug.xcconfig"; path = "Target Support Files/Pods-rfios-rfiosUITests/Pods-rfios-rfiosUITests.debug.xcconfig"; sourceTree = "<group>"; };
		DBA256DB615E4636EBD022F6 /* Pods-rfios-rfiosUITests.release.xcconfig */ = {isa = PBXFileReference; includeInIndex = 1; lastKnownFileType = text.xcconfig; name = "Pods-rfios-rfiosUITests.release.xcconfig"; path = "Target Support Files/Pods-rfios-rfiosUITests/Pods-rfios-rfiosUITests.release.xcconfig"; sourceTree = "<group>"; };
		E04085102376E6B9008C9F8F /* FeedbackCell.swift */ = {isa = PBXFileReference; lastKnownFileType = sourcecode.swift; path = FeedbackCell.swift; sourceTree = "<group>"; };
		E04085112376E6B9008C9F8F /* FeedbackCell.xib */ = {isa = PBXFileReference; lastKnownFileType = file.xib; path = FeedbackCell.xib; sourceTree = "<group>"; };
		E04085182376ED16008C9F8F /* SideMenuViewController.swift */ = {isa = PBXFileReference; lastKnownFileType = sourcecode.swift; path = SideMenuViewController.swift; sourceTree = "<group>"; };
		E0D25C3523750A71001697F9 /* LoginViewController.swift */ = {isa = PBXFileReference; lastKnownFileType = sourcecode.swift; path = LoginViewController.swift; sourceTree = "<group>"; };
		E0D25C3723751063001697F9 /* Login.storyboard */ = {isa = PBXFileReference; lastKnownFileType = file.storyboard; path = Login.storyboard; sourceTree = "<group>"; };
		E0D25C3A2376A586001697F9 /* RegisterViewController.swift */ = {isa = PBXFileReference; lastKnownFileType = sourcecode.swift; path = RegisterViewController.swift; sourceTree = "<group>"; };
		E0FB6F442374FAAF00241EC7 /* rfios.app */ = {isa = PBXFileReference; explicitFileType = wrapper.application; includeInIndex = 0; path = rfios.app; sourceTree = BUILT_PRODUCTS_DIR; };
		E0FB6F472374FAAF00241EC7 /* AppDelegate.swift */ = {isa = PBXFileReference; lastKnownFileType = sourcecode.swift; path = AppDelegate.swift; sourceTree = "<group>"; };
		E0FB6F492374FAAF00241EC7 /* SceneDelegate.swift */ = {isa = PBXFileReference; lastKnownFileType = sourcecode.swift; path = SceneDelegate.swift; sourceTree = "<group>"; };
		E0FB6F4B2374FAAF00241EC7 /* MainViewController.swift */ = {isa = PBXFileReference; lastKnownFileType = sourcecode.swift; path = MainViewController.swift; sourceTree = "<group>"; };
		E0FB6F4E2374FAAF00241EC7 /* Base */ = {isa = PBXFileReference; lastKnownFileType = file.storyboard; name = Base; path = Base.lproj/Main.storyboard; sourceTree = "<group>"; };
		E0FB6F502374FAB100241EC7 /* Assets.xcassets */ = {isa = PBXFileReference; lastKnownFileType = folder.assetcatalog; path = Assets.xcassets; sourceTree = "<group>"; };
		E0FB6F532374FAB100241EC7 /* Base */ = {isa = PBXFileReference; lastKnownFileType = file.storyboard; name = Base; path = Base.lproj/LaunchScreen.storyboard; sourceTree = "<group>"; };
		E0FB6F552374FAB100241EC7 /* Info.plist */ = {isa = PBXFileReference; lastKnownFileType = text.plist.xml; path = Info.plist; sourceTree = "<group>"; };
		E0FB6F5A2374FAB100241EC7 /* rfiosTests.xctest */ = {isa = PBXFileReference; explicitFileType = wrapper.cfbundle; includeInIndex = 0; path = rfiosTests.xctest; sourceTree = BUILT_PRODUCTS_DIR; };
		E0FB6F5E2374FAB100241EC7 /* rfiosTests.swift */ = {isa = PBXFileReference; lastKnownFileType = sourcecode.swift; path = rfiosTests.swift; sourceTree = "<group>"; };
		E0FB6F602374FAB100241EC7 /* Info.plist */ = {isa = PBXFileReference; lastKnownFileType = text.plist.xml; path = Info.plist; sourceTree = "<group>"; };
		E0FB6F652374FAB100241EC7 /* rfiosUITests.xctest */ = {isa = PBXFileReference; explicitFileType = wrapper.cfbundle; includeInIndex = 0; path = rfiosUITests.xctest; sourceTree = BUILT_PRODUCTS_DIR; };
		E0FB6F692374FAB100241EC7 /* rfiosUITests.swift */ = {isa = PBXFileReference; lastKnownFileType = sourcecode.swift; path = rfiosUITests.swift; sourceTree = "<group>"; };
		E0FB6F6B2374FAB100241EC7 /* Info.plist */ = {isa = PBXFileReference; lastKnownFileType = text.plist.xml; path = Info.plist; sourceTree = "<group>"; };
/* End PBXFileReference section */

/* Begin PBXFrameworksBuildPhase section */
		E0FB6F412374FAAF00241EC7 /* Frameworks */ = {
			isa = PBXFrameworksBuildPhase;
			buildActionMask = 2147483647;
			files = (
				FACC31FD56AE4EC6093490CC /* Pods_rfios.framework in Frameworks */,
			);
			runOnlyForDeploymentPostprocessing = 0;
		};
		E0FB6F572374FAB100241EC7 /* Frameworks */ = {
			isa = PBXFrameworksBuildPhase;
			buildActionMask = 2147483647;
			files = (
				AAAFFF20820A93A4A14F8D48 /* Pods_rfiosTests.framework in Frameworks */,
			);
			runOnlyForDeploymentPostprocessing = 0;
		};
		E0FB6F622374FAB100241EC7 /* Frameworks */ = {
			isa = PBXFrameworksBuildPhase;
			buildActionMask = 2147483647;
			files = (
				0B15FFF25D24A9B802316B60 /* Pods_rfios_rfiosUITests.framework in Frameworks */,
			);
			runOnlyForDeploymentPostprocessing = 0;
		};
/* End PBXFrameworksBuildPhase section */

/* Begin PBXGroup section */
		2F337B3A097B9CC3D41BF923 /* Frameworks */ = {
			isa = PBXGroup;
			children = (
				401BF1C6D3695679693467CA /* Pods_rfios.framework */,
				8255601FBC0BCC0FE4CDF397 /* Pods_rfios_rfiosUITests.framework */,
				6DC37973D26179E855959141 /* Pods_rfiosTests.framework */,
			);
			name = Frameworks;
			sourceTree = "<group>";
		};
		701C94E25E1A9EAF2EEF5512 /* Pods */ = {
			isa = PBXGroup;
			children = (
				8813671D4436E150807764D4 /* Pods-rfios.debug.xcconfig */,
				1723BAA576F4DEF2DBC8B49C /* Pods-rfios.release.xcconfig */,
				C764368E035609018CA59DF7 /* Pods-rfios-rfiosUITests.debug.xcconfig */,
				DBA256DB615E4636EBD022F6 /* Pods-rfios-rfiosUITests.release.xcconfig */,
				411955965A68F4E5EEC775A7 /* Pods-rfiosTests.debug.xcconfig */,
				C5F309D6FB59200402D04CC0 /* Pods-rfiosTests.release.xcconfig */,
			);
			path = Pods;
			sourceTree = "<group>";
		};
		E04085142376E6C8008C9F8F /* feedback */ = {
			isa = PBXGroup;
			children = (
				E0FB6F522374FAB100241EC7 /* LaunchScreen.storyboard */,
				E04085102376E6B9008C9F8F /* FeedbackCell.swift */,
				E04085112376E6B9008C9F8F /* FeedbackCell.xib */,
			);
			path = feedback;
			sourceTree = "<group>";
		};
		E0D25C392376A1FE001697F9 /* login */ = {
			isa = PBXGroup;
			children = (
				E0D25C3723751063001697F9 /* Login.storyboard */,
				E0D25C3523750A71001697F9 /* LoginViewController.swift */,
				E0D25C3A2376A586001697F9 /* RegisterViewController.swift */,
			);
			path = login;
			sourceTree = "<group>";
		};
		E0FB6F3B2374FAAF00241EC7 = {
			isa = PBXGroup;
			children = (
				E0FB6F462374FAAF00241EC7 /* rfios */,
				E0FB6F5D2374FAB100241EC7 /* rfiosTests */,
				E0FB6F682374FAB100241EC7 /* rfiosUITests */,
				E0FB6F452374FAAF00241EC7 /* Products */,
				701C94E25E1A9EAF2EEF5512 /* Pods */,
				2F337B3A097B9CC3D41BF923 /* Frameworks */,
			);
			sourceTree = "<group>";
		};
		E0FB6F452374FAAF00241EC7 /* Products */ = {
			isa = PBXGroup;
			children = (
				E0FB6F442374FAAF00241EC7 /* rfios.app */,
				E0FB6F5A2374FAB100241EC7 /* rfiosTests.xctest */,
				E0FB6F652374FAB100241EC7 /* rfiosUITests.xctest */,
			);
			name = Products;
			sourceTree = "<group>";
		};
		E0FB6F462374FAAF00241EC7 /* rfios */ = {
			isa = PBXGroup;
			children = (
				E0D25C392376A1FE001697F9 /* login */,
				E04085142376E6C8008C9F8F /* feedback */,
				E0FB6F472374FAAF00241EC7 /* AppDelegate.swift */,
				E0FB6F492374FAAF00241EC7 /* SceneDelegate.swift */,
				E0FB6F4B2374FAAF00241EC7 /* MainViewController.swift */,
				E0FB6F4D2374FAAF00241EC7 /* Main.storyboard */,
				E04085182376ED16008C9F8F /* SideMenuViewController.swift */,
				E0FB6F502374FAB100241EC7 /* Assets.xcassets */,
				E0FB6F552374FAB100241EC7 /* Info.plist */,
			);
			path = rfios;
			sourceTree = "<group>";
		};
		E0FB6F5D2374FAB100241EC7 /* rfiosTests */ = {
			isa = PBXGroup;
			children = (
				E0FB6F5E2374FAB100241EC7 /* rfiosTests.swift */,
				E0FB6F602374FAB100241EC7 /* Info.plist */,
			);
			path = rfiosTests;
			sourceTree = "<group>";
		};
		E0FB6F682374FAB100241EC7 /* rfiosUITests */ = {
			isa = PBXGroup;
			children = (
				E0FB6F692374FAB100241EC7 /* rfiosUITests.swift */,
				E0FB6F6B2374FAB100241EC7 /* Info.plist */,
			);
			path = rfiosUITests;
			sourceTree = "<group>";
		};
/* End PBXGroup section */

/* Begin PBXNativeTarget section */
		E0FB6F432374FAAF00241EC7 /* rfios */ = {
			isa = PBXNativeTarget;
			buildConfigurationList = E0FB6F6E2374FAB100241EC7 /* Build configuration list for PBXNativeTarget "rfios" */;
			buildPhases = (
				8B8AAB0F108EAC0BE2D6F48C /* [CP] Check Pods Manifest.lock */,
				E0FB6F402374FAAF00241EC7 /* Sources */,
				E0FB6F412374FAAF00241EC7 /* Frameworks */,
				E0FB6F422374FAAF00241EC7 /* Resources */,
				9FAAF71C485482649F556E77 /* [CP] Embed Pods Frameworks */,
			);
			buildRules = (
			);
			dependencies = (
			);
			name = rfios;
			productName = rfios;
			productReference = E0FB6F442374FAAF00241EC7 /* rfios.app */;
			productType = "com.apple.product-type.application";
		};
		E0FB6F592374FAB100241EC7 /* rfiosTests */ = {
			isa = PBXNativeTarget;
			buildConfigurationList = E0FB6F712374FAB100241EC7 /* Build configuration list for PBXNativeTarget "rfiosTests" */;
			buildPhases = (
				202D614B90DB7413FB659391 /* [CP] Check Pods Manifest.lock */,
				E0FB6F562374FAB100241EC7 /* Sources */,
				E0FB6F572374FAB100241EC7 /* Frameworks */,
				E0FB6F582374FAB100241EC7 /* Resources */,
			);
			buildRules = (
			);
			dependencies = (
				E0FB6F5C2374FAB100241EC7 /* PBXTargetDependency */,
			);
			name = rfiosTests;
			productName = rfiosTests;
			productReference = E0FB6F5A2374FAB100241EC7 /* rfiosTests.xctest */;
			productType = "com.apple.product-type.bundle.unit-test";
		};
		E0FB6F642374FAB100241EC7 /* rfiosUITests */ = {
			isa = PBXNativeTarget;
			buildConfigurationList = E0FB6F742374FAB100241EC7 /* Build configuration list for PBXNativeTarget "rfiosUITests" */;
			buildPhases = (
				9E08DFC6F7820DD7C78796F6 /* [CP] Check Pods Manifest.lock */,
				E0FB6F612374FAB100241EC7 /* Sources */,
				E0FB6F622374FAB100241EC7 /* Frameworks */,
				E0FB6F632374FAB100241EC7 /* Resources */,
				F909511B1DD1CD717AD79CFB /* [CP] Embed Pods Frameworks */,
			);
			buildRules = (
			);
			dependencies = (
				E0FB6F672374FAB100241EC7 /* PBXTargetDependency */,
			);
			name = rfiosUITests;
			productName = rfiosUITests;
			productReference = E0FB6F652374FAB100241EC7 /* rfiosUITests.xctest */;
			productType = "com.apple.product-type.bundle.ui-testing";
		};
/* End PBXNativeTarget section */

/* Begin PBXProject section */
		E0FB6F3C2374FAAF00241EC7 /* Project object */ = {
			isa = PBXProject;
			attributes = {
				LastSwiftUpdateCheck = 1120;
				LastUpgradeCheck = 1120;
				ORGANIZATIONNAME = avon;
				TargetAttributes = {
					E0FB6F432374FAAF00241EC7 = {
						CreatedOnToolsVersion = 11.2;
					};
					E0FB6F592374FAB100241EC7 = {
						CreatedOnToolsVersion = 11.2;
						TestTargetID = E0FB6F432374FAAF00241EC7;
					};
					E0FB6F642374FAB100241EC7 = {
						CreatedOnToolsVersion = 11.2;
						TestTargetID = E0FB6F432374FAAF00241EC7;
					};
				};
			};
			buildConfigurationList = E0FB6F3F2374FAAF00241EC7 /* Build configuration list for PBXProject "rfios" */;
			compatibilityVersion = "Xcode 9.3";
			developmentRegion = en;
			hasScannedForEncodings = 0;
			knownRegions = (
				en,
				Base,
			);
			mainGroup = E0FB6F3B2374FAAF00241EC7;
			productRefGroup = E0FB6F452374FAAF00241EC7 /* Products */;
			projectDirPath = "";
			projectRoot = "";
			targets = (
				E0FB6F432374FAAF00241EC7 /* rfios */,
				E0FB6F592374FAB100241EC7 /* rfiosTests */,
				E0FB6F642374FAB100241EC7 /* rfiosUITests */,
			);
		};
/* End PBXProject section */

/* Begin PBXResourcesBuildPhase section */
		E0FB6F422374FAAF00241EC7 /* Resources */ = {
			isa = PBXResourcesBuildPhase;
			buildActionMask = 2147483647;
			files = (
				E0D25C3823751063001697F9 /* Login.storyboard in Resources */,
				E04085132376E6B9008C9F8F /* FeedbackCell.xib in Resources */,
				E0FB6F542374FAB100241EC7 /* LaunchScreen.storyboard in Resources */,
				E0FB6F512374FAB100241EC7 /* Assets.xcassets in Resources */,
				E0FB6F4F2374FAAF00241EC7 /* Main.storyboard in Resources */,
			);
			runOnlyForDeploymentPostprocessing = 0;
		};
		E0FB6F582374FAB100241EC7 /* Resources */ = {
			isa = PBXResourcesBuildPhase;
			buildActionMask = 2147483647;
			files = (
			);
			runOnlyForDeploymentPostprocessing = 0;
		};
		E0FB6F632374FAB100241EC7 /* Resources */ = {
			isa = PBXResourcesBuildPhase;
			buildActionMask = 2147483647;
			files = (
			);
			runOnlyForDeploymentPostprocessing = 0;
		};
/* End PBXResourcesBuildPhase section */

/* Begin PBXShellScriptBuildPhase section */
		202D614B90DB7413FB659391 /* [CP] Check Pods Manifest.lock */ = {
			isa = PBXShellScriptBuildPhase;
			buildActionMask = 2147483647;
			files = (
			);
			inputFileListPaths = (
			);
			inputPaths = (
				"${PODS_PODFILE_DIR_PATH}/Podfile.lock",
				"${PODS_ROOT}/Manifest.lock",
			);
			name = "[CP] Check Pods Manifest.lock";
			outputFileListPaths = (
			);
			outputPaths = (
				"$(DERIVED_FILE_DIR)/Pods-rfiosTests-checkManifestLockResult.txt",
			);
			runOnlyForDeploymentPostprocessing = 0;
			shellPath = /bin/sh;
			shellScript = "diff \"${PODS_PODFILE_DIR_PATH}/Podfile.lock\" \"${PODS_ROOT}/Manifest.lock\" > /dev/null\nif [ $? != 0 ] ; then\n    # print error to STDERR\n    echo \"error: The sandbox is not in sync with the Podfile.lock. Run 'pod install' or update your CocoaPods installation.\" >&2\n    exit 1\nfi\n# This output is used by Xcode 'outputs' to avoid re-running this script phase.\necho \"SUCCESS\" > \"${SCRIPT_OUTPUT_FILE_0}\"\n";
			showEnvVarsInLog = 0;
		};
		8B8AAB0F108EAC0BE2D6F48C /* [CP] Check Pods Manifest.lock */ = {
			isa = PBXShellScriptBuildPhase;
			buildActionMask = 2147483647;
			files = (
			);
			inputFileListPaths = (
			);
			inputPaths = (
				"${PODS_PODFILE_DIR_PATH}/Podfile.lock",
				"${PODS_ROOT}/Manifest.lock",
			);
			name = "[CP] Check Pods Manifest.lock";
			outputFileListPaths = (
			);
			outputPaths = (
				"$(DERIVED_FILE_DIR)/Pods-rfios-checkManifestLockResult.txt",
			);
			runOnlyForDeploymentPostprocessing = 0;
			shellPath = /bin/sh;
			shellScript = "diff \"${PODS_PODFILE_DIR_PATH}/Podfile.lock\" \"${PODS_ROOT}/Manifest.lock\" > /dev/null\nif [ $? != 0 ] ; then\n    # print error to STDERR\n    echo \"error: The sandbox is not in sync with the Podfile.lock. Run 'pod install' or update your CocoaPods installation.\" >&2\n    exit 1\nfi\n# This output is used by Xcode 'outputs' to avoid re-running this script phase.\necho \"SUCCESS\" > \"${SCRIPT_OUTPUT_FILE_0}\"\n";
			showEnvVarsInLog = 0;
		};
		9E08DFC6F7820DD7C78796F6 /* [CP] Check Pods Manifest.lock */ = {
			isa = PBXShellScriptBuildPhase;
			buildActionMask = 2147483647;
			files = (
			);
			inputFileListPaths = (
			);
			inputPaths = (
				"${PODS_PODFILE_DIR_PATH}/Podfile.lock",
				"${PODS_ROOT}/Manifest.lock",
			);
			name = "[CP] Check Pods Manifest.lock";
			outputFileListPaths = (
			);
			outputPaths = (
				"$(DERIVED_FILE_DIR)/Pods-rfios-rfiosUITests-checkManifestLockResult.txt",
			);
			runOnlyForDeploymentPostprocessing = 0;
			shellPath = /bin/sh;
			shellScript = "diff \"${PODS_PODFILE_DIR_PATH}/Podfile.lock\" \"${PODS_ROOT}/Manifest.lock\" > /dev/null\nif [ $? != 0 ] ; then\n    # print error to STDERR\n    echo \"error: The sandbox is not in sync with the Podfile.lock. Run 'pod install' or update your CocoaPods installation.\" >&2\n    exit 1\nfi\n# This output is used by Xcode 'outputs' to avoid re-running this script phase.\necho \"SUCCESS\" > \"${SCRIPT_OUTPUT_FILE_0}\"\n";
			showEnvVarsInLog = 0;
		};
		9FAAF71C485482649F556E77 /* [CP] Embed Pods Frameworks */ = {
			isa = PBXShellScriptBuildPhase;
			buildActionMask = 2147483647;
			files = (
			);
			inputFileListPaths = (
				"${PODS_ROOT}/Target Support Files/Pods-rfios/Pods-rfios-frameworks-${CONFIGURATION}-input-files.xcfilelist",
			);
			name = "[CP] Embed Pods Frameworks";
			outputFileListPaths = (
				"${PODS_ROOT}/Target Support Files/Pods-rfios/Pods-rfios-frameworks-${CONFIGURATION}-output-files.xcfilelist",
			);
			runOnlyForDeploymentPostprocessing = 0;
			shellPath = /bin/sh;
			shellScript = "\"${PODS_ROOT}/Target Support Files/Pods-rfios/Pods-rfios-frameworks.sh\"\n";
			showEnvVarsInLog = 0;
		};
		F909511B1DD1CD717AD79CFB /* [CP] Embed Pods Frameworks */ = {
			isa = PBXShellScriptBuildPhase;
			buildActionMask = 2147483647;
			files = (
			);
			inputFileListPaths = (
				"${PODS_ROOT}/Target Support Files/Pods-rfios-rfiosUITests/Pods-rfios-rfiosUITests-frameworks-${CONFIGURATION}-input-files.xcfilelist",
			);
			name = "[CP] Embed Pods Frameworks";
			outputFileListPaths = (
				"${PODS_ROOT}/Target Support Files/Pods-rfios-rfiosUITests/Pods-rfios-rfiosUITests-frameworks-${CONFIGURATION}-output-files.xcfilelist",
			);
			runOnlyForDeploymentPostprocessing = 0;
			shellPath = /bin/sh;
			shellScript = "\"${PODS_ROOT}/Target Support Files/Pods-rfios-rfiosUITests/Pods-rfios-rfiosUITests-frameworks.sh\"\n";
			showEnvVarsInLog = 0;
		};
/* End PBXShellScriptBuildPhase section */

/* Begin PBXSourcesBuildPhase section */
		E0FB6F402374FAAF00241EC7 /* Sources */ = {
			isa = PBXSourcesBuildPhase;
			buildActionMask = 2147483647;
			files = (
				E0D25C3B2376A586001697F9 /* RegisterViewController.swift in Sources */,
				E0FB6F4C2374FAAF00241EC7 /* MainViewController.swift in Sources */,
				E0FB6F482374FAAF00241EC7 /* AppDelegate.swift in Sources */,
				E0FB6F4A2374FAAF00241EC7 /* SceneDelegate.swift in Sources */,
				E04085192376ED16008C9F8F /* SideMenuViewController.swift in Sources */,
				E04085122376E6B9008C9F8F /* FeedbackCell.swift in Sources */,
				E0D25C3623750A71001697F9 /* LoginViewController.swift in Sources */,
			);
			runOnlyForDeploymentPostprocessing = 0;
		};
		E0FB6F562374FAB100241EC7 /* Sources */ = {
			isa = PBXSourcesBuildPhase;
			buildActionMask = 2147483647;
			files = (
				E0FB6F5F2374FAB100241EC7 /* rfiosTests.swift in Sources */,
			);
			runOnlyForDeploymentPostprocessing = 0;
		};
		E0FB6F612374FAB100241EC7 /* Sources */ = {
			isa = PBXSourcesBuildPhase;
			buildActionMask = 2147483647;
			files = (
				E0FB6F6A2374FAB100241EC7 /* rfiosUITests.swift in Sources */,
			);
			runOnlyForDeploymentPostprocessing = 0;
		};
/* End PBXSourcesBuildPhase section */

/* Begin PBXTargetDependency section */
		E0FB6F5C2374FAB100241EC7 /* PBXTargetDependency */ = {
			isa = PBXTargetDependency;
			target = E0FB6F432374FAAF00241EC7 /* rfios */;
			targetProxy = E0FB6F5B2374FAB100241EC7 /* PBXContainerItemProxy */;
		};
		E0FB6F672374FAB100241EC7 /* PBXTargetDependency */ = {
			isa = PBXTargetDependency;
			target = E0FB6F432374FAAF00241EC7 /* rfios */;
			targetProxy = E0FB6F662374FAB100241EC7 /* PBXContainerItemProxy */;
		};
/* End PBXTargetDependency section */

/* Begin PBXVariantGroup section */
		E0FB6F4D2374FAAF00241EC7 /* Main.storyboard */ = {
			isa = PBXVariantGroup;
			children = (
				E0FB6F4E2374FAAF00241EC7 /* Base */,
			);
			name = Main.storyboard;
			sourceTree = "<group>";
		};
		E0FB6F522374FAB100241EC7 /* LaunchScreen.storyboard */ = {
			isa = PBXVariantGroup;
			children = (
				E0FB6F532374FAB100241EC7 /* Base */,
			);
			name = LaunchScreen.storyboard;
			sourceTree = "<group>";
		};
/* End PBXVariantGroup section */

/* Begin XCBuildConfiguration section */
		E0FB6F6C2374FAB100241EC7 /* Debug */ = {
			isa = XCBuildConfiguration;
			buildSettings = {
				ALWAYS_SEARCH_USER_PATHS = NO;
				CLANG_ANALYZER_NONNULL = YES;
				CLANG_ANALYZER_NUMBER_OBJECT_CONVERSION = YES_AGGRESSIVE;
				CLANG_CXX_LANGUAGE_STANDARD = "gnu++14";
				CLANG_CXX_LIBRARY = "libc++";
				CLANG_ENABLE_MODULES = YES;
				CLANG_ENABLE_OBJC_ARC = YES;
				CLANG_ENABLE_OBJC_WEAK = YES;
				CLANG_WARN_BLOCK_CAPTURE_AUTORELEASING = YES;
				CLANG_WARN_BOOL_CONVERSION = YES;
				CLANG_WARN_COMMA = YES;
				CLANG_WARN_CONSTANT_CONVERSION = YES;
				CLANG_WARN_DEPRECATED_OBJC_IMPLEMENTATIONS = YES;
				CLANG_WARN_DIRECT_OBJC_ISA_USAGE = YES_ERROR;
				CLANG_WARN_DOCUMENTATION_COMMENTS = YES;
				CLANG_WARN_EMPTY_BODY = YES;
				CLANG_WARN_ENUM_CONVERSION = YES;
				CLANG_WARN_INFINITE_RECURSION = YES;
				CLANG_WARN_INT_CONVERSION = YES;
				CLANG_WARN_NON_LITERAL_NULL_CONVERSION = YES;
				CLANG_WARN_OBJC_IMPLICIT_RETAIN_SELF = YES;
				CLANG_WARN_OBJC_LITERAL_CONVERSION = YES;
				CLANG_WARN_OBJC_ROOT_CLASS = YES_ERROR;
				CLANG_WARN_RANGE_LOOP_ANALYSIS = YES;
				CLANG_WARN_STRICT_PROTOTYPES = YES;
				CLANG_WARN_SUSPICIOUS_MOVE = YES;
				CLANG_WARN_UNGUARDED_AVAILABILITY = YES_AGGRESSIVE;
				CLANG_WARN_UNREACHABLE_CODE = YES;
				CLANG_WARN__DUPLICATE_METHOD_MATCH = YES;
				COPY_PHASE_STRIP = NO;
				DEBUG_INFORMATION_FORMAT = dwarf;
				ENABLE_STRICT_OBJC_MSGSEND = YES;
				ENABLE_TESTABILITY = YES;
				GCC_C_LANGUAGE_STANDARD = gnu11;
				GCC_DYNAMIC_NO_PIC = NO;
				GCC_NO_COMMON_BLOCKS = YES;
				GCC_OPTIMIZATION_LEVEL = 0;
				GCC_PREPROCESSOR_DEFINITIONS = (
					"DEBUG=1",
					"$(inherited)",
				);
				GCC_WARN_64_TO_32_BIT_CONVERSION = YES;
				GCC_WARN_ABOUT_RETURN_TYPE = YES_ERROR;
				GCC_WARN_UNDECLARED_SELECTOR = YES;
				GCC_WARN_UNINITIALIZED_AUTOS = YES_AGGRESSIVE;
				GCC_WARN_UNUSED_FUNCTION = YES;
				GCC_WARN_UNUSED_VARIABLE = YES;
				IPHONEOS_DEPLOYMENT_TARGET = 13.2;
				MTL_ENABLE_DEBUG_INFO = INCLUDE_SOURCE;
				MTL_FAST_MATH = YES;
				ONLY_ACTIVE_ARCH = YES;
				SDKROOT = iphoneos;
				SWIFT_ACTIVE_COMPILATION_CONDITIONS = DEBUG;
				SWIFT_OPTIMIZATION_LEVEL = "-Onone";
			};
			name = Debug;
		};
		E0FB6F6D2374FAB100241EC7 /* Release */ = {
			isa = XCBuildConfiguration;
			buildSettings = {
				ALWAYS_SEARCH_USER_PATHS = NO;
				CLANG_ANALYZER_NONNULL = YES;
				CLANG_ANALYZER_NUMBER_OBJECT_CONVERSION = YES_AGGRESSIVE;
				CLANG_CXX_LANGUAGE_STANDARD = "gnu++14";
				CLANG_CXX_LIBRARY = "libc++";
				CLANG_ENABLE_MODULES = YES;
				CLANG_ENABLE_OBJC_ARC = YES;
				CLANG_ENABLE_OBJC_WEAK = YES;
				CLANG_WARN_BLOCK_CAPTURE_AUTORELEASING = YES;
				CLANG_WARN_BOOL_CONVERSION = YES;
				CLANG_WARN_COMMA = YES;
				CLANG_WARN_CONSTANT_CONVERSION = YES;
				CLANG_WARN_DEPRECATED_OBJC_IMPLEMENTATIONS = YES;
				CLANG_WARN_DIRECT_OBJC_ISA_USAGE = YES_ERROR;
				CLANG_WARN_DOCUMENTATION_COMMENTS = YES;
				CLANG_WARN_EMPTY_BODY = YES;
				CLANG_WARN_ENUM_CONVERSION = YES;
				CLANG_WARN_INFINITE_RECURSION = YES;
				CLANG_WARN_INT_CONVERSION = YES;
				CLANG_WARN_NON_LITERAL_NULL_CONVERSION = YES;
				CLANG_WARN_OBJC_IMPLICIT_RETAIN_SELF = YES;
				CLANG_WARN_OBJC_LITERAL_CONVERSION = YES;
				CLANG_WARN_OBJC_ROOT_CLASS = YES_ERROR;
				CLANG_WARN_RANGE_LOOP_ANALYSIS = YES;
				CLANG_WARN_STRICT_PROTOTYPES = YES;
				CLANG_WARN_SUSPICIOUS_MOVE = YES;
				CLANG_WARN_UNGUARDED_AVAILABILITY = YES_AGGRESSIVE;
				CLANG_WARN_UNREACHABLE_CODE = YES;
				CLANG_WARN__DUPLICATE_METHOD_MATCH = YES;
				COPY_PHASE_STRIP = NO;
				DEBUG_INFORMATION_FORMAT = "dwarf-with-dsym";
				ENABLE_NS_ASSERTIONS = NO;
				ENABLE_STRICT_OBJC_MSGSEND = YES;
				GCC_C_LANGUAGE_STANDARD = gnu11;
				GCC_NO_COMMON_BLOCKS = YES;
				GCC_WARN_64_TO_32_BIT_CONVERSION = YES;
				GCC_WARN_ABOUT_RETURN_TYPE = YES_ERROR;
				GCC_WARN_UNDECLARED_SELECTOR = YES;
				GCC_WARN_UNINITIALIZED_AUTOS = YES_AGGRESSIVE;
				GCC_WARN_UNUSED_FUNCTION = YES;
				GCC_WARN_UNUSED_VARIABLE = YES;
				IPHONEOS_DEPLOYMENT_TARGET = 13.2;
				MTL_ENABLE_DEBUG_INFO = NO;
				MTL_FAST_MATH = YES;
				SDKROOT = iphoneos;
				SWIFT_COMPILATION_MODE = wholemodule;
				SWIFT_OPTIMIZATION_LEVEL = "-O";
				VALIDATE_PRODUCT = YES;
			};
			name = Release;
		};
		E0FB6F6F2374FAB100241EC7 /* Debug */ = {
			isa = XCBuildConfiguration;
			baseConfigurationReference = 8813671D4436E150807764D4 /* Pods-rfios.debug.xcconfig */;
			buildSettings = {
				ASSETCATALOG_COMPILER_APPICON_NAME = AppIcon;
				CODE_SIGN_STYLE = Automatic;
				DEVELOPMENT_TEAM = CS6F63S589;
				INFOPLIST_FILE = rfios/Info.plist;
				LD_RUNPATH_SEARCH_PATHS = (
					"$(inherited)",
					"@executable_path/Frameworks",
				);
				PRODUCT_BUNDLE_IDENTIFIER = avon.rfios;
				PRODUCT_NAME = "$(TARGET_NAME)";
				SWIFT_VERSION = 5.0;
				TARGETED_DEVICE_FAMILY = 1;
			};
			name = Debug;
		};
		E0FB6F702374FAB100241EC7 /* Release */ = {
			isa = XCBuildConfiguration;
			baseConfigurationReference = 1723BAA576F4DEF2DBC8B49C /* Pods-rfios.release.xcconfig */;
			buildSettings = {
				ASSETCATALOG_COMPILER_APPICON_NAME = AppIcon;
				CODE_SIGN_STYLE = Automatic;
				DEVELOPMENT_TEAM = CS6F63S589;
				INFOPLIST_FILE = rfios/Info.plist;
				LD_RUNPATH_SEARCH_PATHS = (
					"$(inherited)",
					"@executable_path/Frameworks",
				);
				PRODUCT_BUNDLE_IDENTIFIER = avon.rfios;
				PRODUCT_NAME = "$(TARGET_NAME)";
				SWIFT_VERSION = 5.0;
				TARGETED_DEVICE_FAMILY = 1;
			};
			name = Release;
		};
		E0FB6F722374FAB100241EC7 /* Debug */ = {
			isa = XCBuildConfiguration;
			baseConfigurationReference = 411955965A68F4E5EEC775A7 /* Pods-rfiosTests.debug.xcconfig */;
			buildSettings = {
				ALWAYS_EMBED_SWIFT_STANDARD_LIBRARIES = YES;
				BUNDLE_LOADER = "$(TEST_HOST)";
				CODE_SIGN_STYLE = Automatic;
				DEVELOPMENT_TEAM = CS6F63S589;
				INFOPLIST_FILE = rfiosTests/Info.plist;
				IPHONEOS_DEPLOYMENT_TARGET = 13.2;
				LD_RUNPATH_SEARCH_PATHS = (
					"$(inherited)",
					"@executable_path/Frameworks",
					"@loader_path/Frameworks",
				);
				PRODUCT_BUNDLE_IDENTIFIER = avon.rfiosTests;
				PRODUCT_NAME = "$(TARGET_NAME)";
				SWIFT_VERSION = 5.0;
				TARGETED_DEVICE_FAMILY = "1,2";
				TEST_HOST = "$(BUILT_PRODUCTS_DIR)/rfios.app/rfios";
			};
			name = Debug;
		};
		E0FB6F732374FAB100241EC7 /* Release */ = {
			isa = XCBuildConfiguration;
			baseConfigurationReference = C5F309D6FB59200402D04CC0 /* Pods-rfiosTests.release.xcconfig */;
			buildSettings = {
				ALWAYS_EMBED_SWIFT_STANDARD_LIBRARIES = YES;
				BUNDLE_LOADER = "$(TEST_HOST)";
				CODE_SIGN_STYLE = Automatic;
				DEVELOPMENT_TEAM = CS6F63S589;
				INFOPLIST_FILE = rfiosTests/Info.plist;
				IPHONEOS_DEPLOYMENT_TARGET = 13.2;
				LD_RUNPATH_SEARCH_PATHS = (
					"$(inherited)",
					"@executable_path/Frameworks",
					"@loader_path/Frameworks",
				);
				PRODUCT_BUNDLE_IDENTIFIER = avon.rfiosTests;
				PRODUCT_NAME = "$(TARGET_NAME)";
				SWIFT_VERSION = 5.0;
				TARGETED_DEVICE_FAMILY = "1,2";
				TEST_HOST = "$(BUILT_PRODUCTS_DIR)/rfios.app/rfios";
			};
			name = Release;
		};
		E0FB6F752374FAB100241EC7 /* Debug */ = {
			isa = XCBuildConfiguration;
			baseConfigurationReference = C764368E035609018CA59DF7 /* Pods-rfios-rfiosUITests.debug.xcconfig */;
			buildSettings = {
				ALWAYS_EMBED_SWIFT_STANDARD_LIBRARIES = YES;
				CODE_SIGN_STYLE = Automatic;
				DEVELOPMENT_TEAM = CS6F63S589;
				INFOPLIST_FILE = rfiosUITests/Info.plist;
				LD_RUNPATH_SEARCH_PATHS = (
					"$(inherited)",
					"@executable_path/Frameworks",
					"@loader_path/Frameworks",
				);
				PRODUCT_BUNDLE_IDENTIFIER = avon.rfiosUITests;
				PRODUCT_NAME = "$(TARGET_NAME)";
				SWIFT_VERSION = 5.0;
				TARGETED_DEVICE_FAMILY = "1,2";
				TEST_TARGET_NAME = rfios;
			};
			name = Debug;
		};
		E0FB6F762374FAB100241EC7 /* Release */ = {
			isa = XCBuildConfiguration;
			baseConfigurationReference = DBA256DB615E4636EBD022F6 /* Pods-rfios-rfiosUITests.release.xcconfig */;
			buildSettings = {
				ALWAYS_EMBED_SWIFT_STANDARD_LIBRARIES = YES;
				CODE_SIGN_STYLE = Automatic;
				DEVELOPMENT_TEAM = CS6F63S589;
				INFOPLIST_FILE = rfiosUITests/Info.plist;
				LD_RUNPATH_SEARCH_PATHS = (
					"$(inherited)",
					"@executable_path/Frameworks",
					"@loader_path/Frameworks",
				);
				PRODUCT_BUNDLE_IDENTIFIER = avon.rfiosUITests;
				PRODUCT_NAME = "$(TARGET_NAME)";
				SWIFT_VERSION = 5.0;
				TARGETED_DEVICE_FAMILY = "1,2";
				TEST_TARGET_NAME = rfios;
			};
			name = Release;
		};
/* End XCBuildConfiguration section */

/* Begin XCConfigurationList section */
		E0FB6F3F2374FAAF00241EC7 /* Build configuration list for PBXProject "rfios" */ = {
			isa = XCConfigurationList;
			buildConfigurations = (
				E0FB6F6C2374FAB100241EC7 /* Debug */,
				E0FB6F6D2374FAB100241EC7 /* Release */,
			);
			defaultConfigurationIsVisible = 0;
			defaultConfigurationName = Release;
		};
		E0FB6F6E2374FAB100241EC7 /* Build configuration list for PBXNativeTarget "rfios" */ = {
			isa = XCConfigurationList;
			buildConfigurations = (
				E0FB6F6F2374FAB100241EC7 /* Debug */,
				E0FB6F702374FAB100241EC7 /* Release */,
			);
			defaultConfigurationIsVisible = 0;
			defaultConfigurationName = Release;
		};
		E0FB6F712374FAB100241EC7 /* Build configuration list for PBXNativeTarget "rfiosTests" */ = {
			isa = XCConfigurationList;
			buildConfigurations = (
				E0FB6F722374FAB100241EC7 /* Debug */,
				E0FB6F732374FAB100241EC7 /* Release */,
			);
			defaultConfigurationIsVisible = 0;
			defaultConfigurationName = Release;
		};
		E0FB6F742374FAB100241EC7 /* Build configuration list for PBXNativeTarget "rfiosUITests" */ = {
			isa = XCConfigurationList;
			buildConfigurations = (
				E0FB6F752374FAB100241EC7 /* Debug */,
				E0FB6F762374FAB100241EC7 /* Release */,
			);
			defaultConfigurationIsVisible = 0;
			defaultConfigurationName = Release;
		};
/* End XCConfigurationList section */
	};
	rootObject = E0FB6F3C2374FAAF00241EC7 /* Project object */;
}
